Microsoft Visual Studio Solution File, Format Version 12.00
# Visual Studio Version 18
VisualStudioVersion = 18.10.12210.168
MinimumVisualStudioVersion = 10.0.40219.1
Project("{FAE04EC0-301F-11D3-BF4B-00C04F79EFBC}") = "Coclico", "Coclico\Coclico.csproj", "{7C5CC25B-C6DB-4FC9-BE94-48C1E0AB93E5}"
EndProject
Project("{FAE04EC0-301F-11D3-BF4B-00C04F79EFBC}") = "Coclico.Tests", "Coclico.Tests\Coclico.Tests.csproj", "{BB7C3FB8-64A0-4BFD-A3C1-BA114F181B9F}"
EndProject
Project("{FAE04EC0-301F-11D3-BF4B-00C04F79EFBC}") = "Coclico.Installer", "Coclico.Installer\Coclico.Installer.csproj", "{2DE3868A-E7A7-4987-BDE6-E157EA06C866}"
EndProject
Global
	GlobalSection(SolutionConfigurationPlatforms) = preSolution
		Debug|Any CPU = Debug|Any CPU
		Debug|x64 = Debug|x64
		Release|Any CPU = Release|Any CPU
		Release|x64 = Release|x64
	EndGlobalSection
	GlobalSection(ProjectConfigurationPlatforms) = postSolution
		{7C5CC25B-C6DB-4FC9-BE94-48C1E0AB93E5}.Debug|Any CPU.ActiveCfg = Debug|Any CPU
		{7C5CC25B-C6DB-4FC9-BE94-48C1E0AB93E5}.Debug|Any CPU.Build.0 = Debug|Any CPU
		{7C5CC25B-C6DB-4FC9-BE94-48C1E0AB93E5}.Debug|x64.ActiveCfg = Debug|Any CPU
		{7C5CC25B-C6DB-4FC9-BE94-48C1E0AB93E5}.Debug|x64.Build.0 = Debug|Any CPU
		{7C5CC25B-C6DB-4FC9-BE94-48C1E0AB93E5}.Release|Any CPU.ActiveCfg = Release|Any CPU
		{7C5CC25B-C6DB-4FC9-BE94-48C1E0AB93E5}.Release|Any CPU.Build.0 = Release|Any CPU
		{7C5CC25B-C6DB-4FC9-BE94-48C1E0AB93E5}.Release|x64.ActiveCfg = Release|Any CPU
		{7C5CC25B-C6DB-4FC9-BE94-48C1E0AB93E5}.Release|x64.Build.0 = Release|Any CPU
		{BB7C3FB8-64A0-4BFD-A3C1-BA114F181B9F}.Debug|Any CPU.ActiveCfg = Debug|Any CPU
		{BB7C3FB8-64A0-4BFD-A3C1-BA114F181B9F}.Debug|Any CPU.Build.0 = Debug|Any CPU
		{BB7C3FB8-64A0-4BFD-A3C1-BA114F181B9F}.Debug|x64.ActiveCfg = Debug|Any CPU
		{BB7C3FB8-64A0-4BFD-A3C1-BA114F181B9F}.Debug|x64.Build.0 = Debug|Any CPU
		{BB7C3FB8-64A0-4BFD-A3C1-BA114F181B9F}.Release|Any CPU.ActiveCfg = Release|Any CPU
		{BB7C3FB8-64A0-4BFD-A3C1-BA114F181B9F}.Release|Any CPU.Build.0 = Release|Any CPU
		{BB7C3FB8-64A0-4BFD-A3C1-BA114F181B9F}.Release|x64.ActiveCfg = Release|Any CPU
		{BB7C3FB8-64A0-4BFD-A3C1-BA114F181B9F}.Release|x64.Build.0 = Release|Any CPU
		{2DE3868A-E7A7-4987-BDE6-E157EA06C866}.Debug|Any CPU.ActiveCfg = Debug|Any CPU
		{2DE3868A-E7A7-4987-BDE6-E157EA06C866}.Debug|Any CPU.Build.0 = Debug|Any CPU
		{2DE3868A-E7A7-4987-BDE6-E157EA06C866}.Debug|x64.ActiveCfg = Debug|Any CPU
		{2DE3868A-E7A7-4987-BDE6-E157EA06C866}.Debug|x64.Build.0 = Debug|Any CPU
		{2DE3868A-E7A7-4987-BDE6-E157EA06C866}.Release|Any CPU.ActiveCfg = Release|Any CPU
		{2DE3868A-E7A7-4987-BDE6-E157EA06C866}.Release|Any CPU.Build.0 = Release|Any CPU
		{2DE3868A-E7A7-4987-BDE6-E157EA06C866}.Release|x64.ActiveCfg = Release|Any CPU
		{2DE3868A-E7A7-4987-BDE6-E157EA06C866}.Release|x64.Build.0 = Release|Any CPU
	EndGlobalSection
	GlobalSection(SolutionProperties) = preSolution
		HideSolutionNode = FALSE
	EndGlobalSection
EndGlobal
